// !$*UTF8*$!
{
	archiveVersion = 1;
	classes = {
	};
	objectVersion = 46;
	objects = {

/* Begin PBXBuildFile section */
		30894D025D5A407D6BFE5E9F /* Pods_QXIOS.framework in Frameworks */ = {isa = PBXBuildFile; fileRef = 115E184374D1CAAE5F3DA810 /* Pods_QXIOS.framework */; };
		B012B0511EB9A5B200844E05 /* SimpleViewController.m in Sources */ = {isa = PBXBuildFile; fileRef = B012B04F1EB9A5B200844E05 /* SimpleViewController.m */; };
		B012B0521EB9A5B200844E05 /* SimpleViewController.xib in Resources */ = {isa = PBXBuildFile; fileRef = B012B0501EB9A5B200844E05 /* SimpleViewController.xib */; };
		B012B0551EB9ADB800844E05 /* SimpleViewController2.m in Sources */ = {isa = PBXBuildFile; fileRef = B012B0541EB9ADB800844E05 /* SimpleViewController2.m */; };
		B012B0581EB9B90300844E05 /* SegueViewController.m in Sources */ = {isa = PBXBuildFile; fileRef = B012B0571EB9B90300844E05 /* SegueViewController.m */; };
		B012B0691EBACD9000844E05 /* bookdemo.storyboard in Resources */ = {isa = PBXBuildFile; fileRef = B012B06B1EBACD9000844E05 /* bookdemo.storyboard */; };
		B012B0751EBAF12500844E05 /* qx.bundle in Resources */ = {isa = PBXBuildFile; fileRef = B012B0741EBAF12500844E05 /* qx.bundle */; };
		B012B0781EBB21B400844E05 /* CustomView.m in Sources */ = {isa = PBXBuildFile; fileRef = B012B0771EBB21B400844E05 /* CustomView.m */; };
		B012B07B1EBC2A7E00844E05 /* CustomViewOne.m in Sources */ = {isa = PBXBuildFile; fileRef = B012B07A1EBC2A7E00844E05 /* CustomViewOne.m */; };
		B012B07E1EBC2AA900844E05 /* CustomViewTwo.m in Sources */ = {isa = PBXBuildFile; fileRef = B012B07D1EBC2AA900844E05 /* CustomViewTwo.m */; };
		B012B0821EC59C8B00844E05 /* QXMJRefreshStudyMainControllerTableViewController.m in Sources */ = {isa = PBXBuildFile; fileRef = B012B0811EC59C8B00844E05 /* QXMJRefreshStudyMainControllerTableViewController.m */; };
		B012B0841EC59CAC00844E05 /* MJRefresh.storyboard in Resources */ = {isa = PBXBuildFile; fileRef = B012B0831EC59CAC00844E05 /* MJRefresh.storyboard */; };
		B012B0871EC5A03400844E05 /* QXDataModle.m in Sources */ = {isa = PBXBuildFile; fileRef = B012B0861EC5A03400844E05 /* QXDataModle.m */; };
		B030F7BE1EAA0F2C002677F5 /* main.m in Sources */ = {isa = PBXBuildFile; fileRef = B030F7BD1EAA0F2C002677F5 /* main.m */; };
		B030F7C11EAA0F2C002677F5 /* AppDelegate.m in Sources */ = {isa = PBXBuildFile; fileRef = B030F7C01EAA0F2C002677F5 /* AppDelegate.m */; };
		B030F7C41EAA0F2C002677F5 /* ViewController.m in Sources */ = {isa = PBXBuildFile; fileRef = B030F7C31EAA0F2C002677F5 /* ViewController.m */; };
		B030F7C71EAA0F2C002677F5 /* Main.storyboard in Resources */ = {isa = PBXBuildFile; fileRef = B030F7C51EAA0F2C002677F5 /* Main.storyboard */; };
		B030F7CA1EAA0F2C002677F5 /* QXIOS.xcdatamodeld in Sources */ = {isa = PBXBuildFile; fileRef = B030F7C81EAA0F2C002677F5 /* QXIOS.xcdatamodeld */; };
		B030F7CC1EAA0F2C002677F5 /* Assets.xcassets in Resources */ = {isa = PBXBuildFile; fileRef = B030F7CB1EAA0F2C002677F5 /* Assets.xcassets */; };
		B030F7CF1EAA0F2C002677F5 /* LaunchScreen.storyboard in Resources */ = {isa = PBXBuildFile; fileRef = B030F7CD1EAA0F2C002677F5 /* LaunchScreen.storyboard */; };
		B030F7DC1EAA11C4002677F5 /* QXFileManage.m in Sources */ = {isa = PBXBuildFile; fileRef = B030F7DB1EAA11C4002677F5 /* QXFileManage.m */; };
		B036AF921EB07CE5000F177E /* QXWaveControllerViewController.m in Sources */ = {isa = PBXBuildFile; fileRef = B036AF911EB07CE5000F177E /* QXWaveControllerViewController.m */; };
		B036AF951EB07D6A000F177E /* QXWaveView.m in Sources */ = {isa = PBXBuildFile; fileRef = B036AF941EB07D6A000F177E /* QXWaveView.m */; };
		B036AF981EB09F16000F177E /* UIColor+StringColor.m in Sources */ = {isa = PBXBuildFile; fileRef = B036AF971EB09F16000F177E /* UIColor+StringColor.m */; };
		B036AF9B1EB1D06E000F177E /* CoreGraphics.framework in Frameworks */ = {isa = PBXBuildFile; fileRef = B036AF9A1EB1D06E000F177E /* CoreGraphics.framework */; };
		B036AF9D1EB1D08F000F177E /* QuartzCore.framework in Frameworks */ = {isa = PBXBuildFile; fileRef = B036AF9C1EB1D08F000F177E /* QuartzCore.framework */; };
		B05848EE1EC98C64004F8380 /* QXShowTableViewController.m in Sources */ = {isa = PBXBuildFile; fileRef = B05848ED1EC98C64004F8380 /* QXShowTableViewController.m */; };
		B05848F21EC98E41004F8380 /* UIViewController+OptionsMethod.m in Sources */ = {isa = PBXBuildFile; fileRef = B05848F11EC98E41004F8380 /* UIViewController+OptionsMethod.m */; };
		B05848F91ECAA42F004F8380 /* QXRefreshStateHeader.m in Sources */ = {isa = PBXBuildFile; fileRef = B05848F81ECAA42F004F8380 /* QXRefreshStateHeader.m */; };
		B05848FC1ECAA5F6004F8380 /* QXRefreshGifHeader.m in Sources */ = {isa = PBXBuildFile; fileRef = B05848FB1ECAA5F6004F8380 /* QXRefreshGifHeader.m */; };
		B05848FF1ECAACEA004F8380 /* QXWindow.m in Sources */ = {isa = PBXBuildFile; fileRef = B05848FE1ECAACEA004F8380 /* QXWindow.m */; };
		B05849021ECAADFE004F8380 /* QXTempViewController.m in Sources */ = {isa = PBXBuildFile; fileRef = B05849011ECAADFE004F8380 /* QXTempViewController.m */; };
		B05849051ECAD6D1004F8380 /* QXCustomRefreshHeader.m in Sources */ = {isa = PBXBuildFile; fileRef = B05849041ECAD6D1004F8380 /* QXCustomRefreshHeader.m */; };
		B05849081ECADF55004F8380 /* QXRefreshAutoGifFooter.m in Sources */ = {isa = PBXBuildFile; fileRef = B05849071ECADF55004F8380 /* QXRefreshAutoGifFooter.m */; };
		B058490B1ECAE00D004F8380 /* QXRefreshBackGifFooter.m in Sources */ = {isa = PBXBuildFile; fileRef = B058490A1ECAE00D004F8380 /* QXRefreshBackGifFooter.m */; };
/* End PBXBuildFile section */

/* Begin PBXFileReference section */
		115E184374D1CAAE5F3DA810 /* Pods_QXIOS.framework */ = {isa = PBXFileReference; explicitFileType = wrapper.framework; includeInIndex = 0; path = Pods_QXIOS.framework; sourceTree = BUILT_PRODUCTS_DIR; };
		AF0C0B7B8E61C3FC13AD100E /* Pods-QXIOS.release.xcconfig */ = {isa = PBXFileReference; includeInIndex = 1; lastKnownFileType = text.xcconfig; name = "Pods-QXIOS.release.xcconfig"; path = "Pods/Target Support Files/Pods-QXIOS/Pods-QXIOS.release.xcconfig"; sourceTree = "<group>"; };
		B012B04E1EB9A5B200844E05 /* SimpleViewController.h */ = {isa = PBXFileReference; fileEncoding = 4; lastKnownFileType = sourcecode.c.h; path = SimpleViewController.h; sourceTree = "<group>"; };
		B012B04F1EB9A5B200844E05 /* SimpleViewController.m */ = {isa = PBXFileReference; fileEncoding = 4; lastKnownFileType = sourcecode.c.objc; path = SimpleViewController.m; sourceTree = "<group>"; };
		B012B0501EB9A5B200844E05 /* SimpleViewController.xib */ = {isa = PBXFileReference; fileEncoding = 4; lastKnownFileType = file.xib; path = SimpleViewController.xib; sourceTree = "<group>"; };
		B012B0531EB9ADB800844E05 /* SimpleViewController2.h */ = {isa = PBXFileReference; fileEncoding = 4; lastKnownFileType = sourcecode.c.h; path = SimpleViewController2.h; sourceTree = "<group>"; };
		B012B0541EB9ADB800844E05 /* SimpleViewController2.m */ = {isa = PBXFileReference; fileEncoding = 4; lastKnownFileType = sourcecode.c.objc; path = SimpleViewController2.m; sourceTree = "<group>"; };
		B012B0561EB9B90300844E05 /* SegueViewController.h */ = {isa = PBXFileReference; fileEncoding = 4; lastKnownFileType = sourcecode.c.h; path = SegueViewController.h; sourceTree = "<group>"; };
		B012B0571EB9B90300844E05 /* SegueViewController.m */ = {isa = PBXFileReference; fileEncoding = 4; lastKnownFileType = sourcecode.c.objc; path = SegueViewController.m; sourceTree = "<group>"; };
		B012B0591EBABFB500844E05 /* zh-Hans */ = {isa = PBXFileReference; lastKnownFileType = text.plist.strings; name = "zh-Hans"; path = "zh-Hans.lproj/Main.strings"; sourceTree = "<group>"; };
		B012B05A1EBABFB500844E05 /* zh-Hans */ = {isa = PBXFileReference; lastKnownFileType = text.plist.strings; name = "zh-Hans"; path = "zh-Hans.lproj/LaunchScreen.strings"; sourceTree = "<group>"; };
		B012B05B1EBAC0BD00844E05 /* de */ = {isa = PBXFileReference; lastKnownFileType = text.plist.strings; name = de; path = de.lproj/Main.strings; sourceTree = "<group>"; };
		B012B05C1EBAC0BD00844E05 /* de */ = {isa = PBXFileReference; lastKnownFileType = text.plist.strings; name = de; path = de.lproj/LaunchScreen.strings; sourceTree = "<group>"; };
		B012B05E1EBAC16400844E05 /* en */ = {isa = PBXFileReference; lastKnownFileType = text.plist.strings; name = en; path = en.lproj/LaunchScreen.strings; sourceTree = "<group>"; };
		B012B0601EBAC8FB00844E05 /* en */ = {isa = PBXFileReference; lastKnownFileType = text.plist.strings; name = en; path = en.lproj/Main.strings; sourceTree = "<group>"; };
		B012B06A1EBACD9000844E05 /* Base */ = {isa = PBXFileReference; lastKnownFileType = file.storyboard; name = Base; path = Base.lproj/bookdemo.storyboard; sourceTree = "<group>"; };
		B012B06D1EBACD9600844E05 /* en */ = {isa = PBXFileReference; lastKnownFileType = text.plist.strings; name = en; path = en.lproj/bookdemo.strings; sourceTree = "<group>"; };
		B012B06F1EBACD9700844E05 /* zh-Hans */ = {isa = PBXFileReference; lastKnownFileType = text.plist.strings; name = "zh-Hans"; path = "zh-Hans.lproj/bookdemo.strings"; sourceTree = "<group>"; };
		B012B0711EBACD9800844E05 /* de */ = {isa = PBXFileReference; lastKnownFileType = text.plist.strings; name = de; path = de.lproj/bookdemo.strings; sourceTree = "<group>"; };
		B012B0741EBAF12500844E05 /* qx.bundle */ = {isa = PBXFileReference; lastKnownFileType = "wrapper.plug-in"; path = qx.bundle; sourceTree = "<group>"; };
		B012B0761EBB21B400844E05 /* CustomView.h */ = {isa = PBXFileReference; fileEncoding = 4; lastKnownFileType = sourcecode.c.h; path = CustomView.h; sourceTree = "<group>"; };
		B012B0771EBB21B400844E05 /* CustomView.m */ = {isa = PBXFileReference; fileEncoding = 4; lastKnownFileType = sourcecode.c.objc; path = CustomView.m; sourceTree = "<group>"; };
		B012B0791EBC2A7E00844E05 /* CustomViewOne.h */ = {isa = PBXFileReference; fileEncoding = 4; lastKnownFileType = sourcecode.c.h; path = CustomViewOne.h; sourceTree = "<group>"; };
		B012B07A1EBC2A7E00844E05 /* CustomViewOne.m */ = {isa = PBXFileReference; fileEncoding = 4; lastKnownFileType = sourcecode.c.objc; path = CustomViewOne.m; sourceTree = "<group>"; };
		B012B07C1EBC2AA900844E05 /* CustomViewTwo.h */ = {isa = PBXFileReference; fileEncoding = 4; lastKnownFileType = sourcecode.c.h; path = CustomViewTwo.h; sourceTree = "<group>"; };
		B012B07D1EBC2AA900844E05 /* CustomViewTwo.m */ = {isa = PBXFileReference; fileEncoding = 4; lastKnownFileType = sourcecode.c.objc; path = CustomViewTwo.m; sourceTree = "<group>"; };
		B012B0801EC59C8B00844E05 /* QXMJRefreshStudyMainControllerTableViewController.h */ = {isa = PBXFileReference; fileEncoding = 4; lastKnownFileType = sourcecode.c.h; path = QXMJRefreshStudyMainControllerTableViewController.h; sourceTree = "<group>"; };
		B012B0811EC59C8B00844E05 /* QXMJRefreshStudyMainControllerTableViewController.m */ = {isa = PBXFileReference; fileEncoding = 4; lastKnownFileType = sourcecode.c.objc; path = QXMJRefreshStudyMainControllerTableViewController.m; sourceTree = "<group>"; };
		B012B0831EC59CAC00844E05 /* MJRefresh.storyboard */ = {isa = PBXFileReference; fileEncoding = 4; lastKnownFileType = file.storyboard; path = MJRefresh.storyboard; sourceTree = "<group>"; };
		B012B0851EC5A03400844E05 /* QXDataModle.h */ = {isa = PBXFileReference; fileEncoding = 4; lastKnownFileType = sourcecode.c.h; path = QXDataModle.h; sourceTree = "<group>"; };
		B012B0861EC5A03400844E05 /* QXDataModle.m */ = {isa = PBXFileReference; fileEncoding = 4; lastKnownFileType = sourcecode.c.objc; path = QXDataModle.m; sourceTree = "<group>"; };
		B030F7B91EAA0F2C002677F5 /* QXIOS.app */ = {isa = PBXFileReference; explicitFileType = wrapper.application; includeInIndex = 0; path = QXIOS.app; sourceTree = BUILT_PRODUCTS_DIR; };
		B030F7BD1EAA0F2C002677F5 /* main.m */ = {isa = PBXFileReference; lastKnownFileType = sourcecode.c.objc; path = main.m; sourceTree = "<group>"; };
		B030F7BF1EAA0F2C002677F5 /* AppDelegate.h */ = {isa = PBXFileReference; lastKnownFileType = sourcecode.c.h; path = AppDelegate.h; sourceTree = "<group>"; };
		B030F7C01EAA0F2C002677F5 /* AppDelegate.m */ = {isa = PBXFileReference; lastKnownFileType = sourcecode.c.objc; path = AppDelegate.m; sourceTree = "<group>"; };
		B030F7C21EAA0F2C002677F5 /* ViewController.h */ = {isa = PBXFileReference; lastKnownFileType = sourcecode.c.h; path = ViewController.h; sourceTree = "<group>"; };
		B030F7C31EAA0F2C002677F5 /* ViewController.m */ = {isa = PBXFileReference; lastKnownFileType = sourcecode.c.objc; path = ViewController.m; sourceTree = "<group>"; };
		B030F7C61EAA0F2C002677F5 /* Base */ = {isa = PBXFileReference; lastKnownFileType = file.storyboard; name = Base; path = Base.lproj/Main.storyboard; sourceTree = "<group>"; };
		B030F7C91EAA0F2C002677F5 /* QXIOS.xcdatamodel */ = {isa = PBXFileReference; lastKnownFileType = wrapper.xcdatamodel; path = QXIOS.xcdatamodel; sourceTree = "<group>"; };
		B030F7CB1EAA0F2C002677F5 /* Assets.xcassets */ = {isa = PBXFileReference; lastKnownFileType = folder.assetcatalog; path = Assets.xcassets; sourceTree = "<group>"; };
		B030F7CE1EAA0F2C002677F5 /* Base */ = {isa = PBXFileReference; lastKnownFileType = file.storyboard; name = Base; path = Base.lproj/LaunchScreen.storyboard; sourceTree = "<group>"; };
		B030F7D01EAA0F2C002677F5 /* Info.plist */ = {isa = PBXFileReference; lastKnownFileType = text.plist.xml; path = Info.plist; sourceTree = "<group>"; };
		B030F7DA1EAA11C4002677F5 /* QXFileManage.h */ = {isa = PBXFileReference; fileEncoding = 4; lastKnownFileType = sourcecode.c.h; path = QXFileManage.h; sourceTree = "<group>"; };
		B030F7DB1EAA11C4002677F5 /* QXFileManage.m */ = {isa = PBXFileReference; fileEncoding = 4; lastKnownFileType = sourcecode.c.objc; path = QXFileManage.m; sourceTree = "<group>"; };
		B036AF901EB07CE5000F177E /* QXWaveControllerViewController.h */ = {isa = PBXFileReference; fileEncoding = 4; lastKnownFileType = sourcecode.c.h; path = QXWaveControllerViewController.h; sourceTree = "<group>"; };
		B036AF911EB07CE5000F177E /* QXWaveControllerViewController.m */ = {isa = PBXFileReference; fileEncoding = 4; lastKnownFileType = sourcecode.c.objc; path = QXWaveControllerViewController.m; sourceTree = "<group>"; };
		B036AF931EB07D6A000F177E /* QXWaveView.h */ = {isa = PBXFileReference; fileEncoding = 4; lastKnownFileType = sourcecode.c.h; path = QXWaveView.h; sourceTree = "<group>"; };
		B036AF941EB07D6A000F177E /* QXWaveView.m */ = {isa = PBXFileReference; fileEncoding = 4; lastKnownFileType = sourcecode.c.objc; path = QXWaveView.m; sourceTree = "<group>"; };
		B036AF961EB09F16000F177E /* UIColor+StringColor.h */ = {isa = PBXFileReference; fileEncoding = 4; lastKnownFileType = sourcecode.c.h; path = "UIColor+StringColor.h"; sourceTree = "<group>"; };
		B036AF971EB09F16000F177E /* UIColor+StringColor.m */ = {isa = PBXFileReference; fileEncoding = 4; lastKnownFileType = sourcecode.c.objc; path = "UIColor+StringColor.m"; sourceTree = "<group>"; };
		B036AF9A1EB1D06E000F177E /* CoreGraphics.framework */ = {isa = PBXFileReference; lastKnownFileType = wrapper.framework; name = CoreGraphics.framework; path = System/Library/Frameworks/CoreGraphics.framework; sourceTree = SDKROOT; };
		B036AF9C1EB1D08F000F177E /* QuartzCore.framework */ = {isa = PBXFileReference; lastKnownFileType = wrapper.framework; name = QuartzCore.framework; path = System/Library/Frameworks/QuartzCore.framework; sourceTree = SDKROOT; };
		B05848EC1EC98C64004F8380 /* QXShowTableViewController.h */ = {isa = PBXFileReference; fileEncoding = 4; lastKnownFileType = sourcecode.c.h; path = QXShowTableViewController.h; sourceTree = "<group>"; };
		B05848ED1EC98C64004F8380 /* QXShowTableViewController.m */ = {isa = PBXFileReference; fileEncoding = 4; lastKnownFileType = sourcecode.c.objc; path = QXShowTableViewController.m; sourceTree = "<group>"; };
		B05848F01EC98E41004F8380 /* UIViewController+OptionsMethod.h */ = {isa = PBXFileReference; fileEncoding = 4; lastKnownFileType = sourcecode.c.h; path = "UIViewController+OptionsMethod.h"; sourceTree = "<group>"; };
		B05848F11EC98E41004F8380 /* UIViewController+OptionsMethod.m */ = {isa = PBXFileReference; fileEncoding = 4; lastKnownFileType = sourcecode.c.objc; path = "UIViewController+OptionsMethod.m"; sourceTree = "<group>"; };
		B05848F71ECAA42F004F8380 /* QXRefreshStateHeader.h */ = {isa = PBXFileReference; fileEncoding = 4; lastKnownFileType = sourcecode.c.h; path = QXRefreshStateHeader.h; sourceTree = "<group>"; };
		B05848F81ECAA42F004F8380 /* QXRefreshStateHeader.m */ = {isa = PBXFileReference; fileEncoding = 4; lastKnownFileType = sourcecode.c.objc; path = QXRefreshStateHeader.m; sourceTree = "<group>"; };
		B05848FA1ECAA5F6004F8380 /* QXRefreshGifHeader.h */ = {isa = PBXFileReference; fileEncoding = 4; lastKnownFileType = sourcecode.c.h; path = QXRefreshGifHeader.h; sourceTree = "<group>"; };
		B05848FB1ECAA5F6004F8380 /* QXRefreshGifHeader.m */ = {isa = PBXFileReference; fileEncoding = 4; lastKnownFileType = sourcecode.c.objc; path = QXRefreshGifHeader.m; sourceTree = "<group>"; };
		B05848FD1ECAACEA004F8380 /* QXWindow.h */ = {isa = PBXFileReference; fileEncoding = 4; lastKnownFileType = sourcecode.c.h; path = QXWindow.h; sourceTree = "<group>"; };
		B05848FE1ECAACEA004F8380 /* QXWindow.m */ = {isa = PBXFileReference; fileEncoding = 4; lastKnownFileType = sourcecode.c.objc; path = QXWindow.m; sourceTree = "<group>"; };
		B05849001ECAADFE004F8380 /* QXTempViewController.h */ = {isa = PBXFileReference; fileEncoding = 4; lastKnownFileType = sourcecode.c.h; path = QXTempViewController.h; sourceTree = "<group>"; };
		B05849011ECAADFE004F8380 /* QXTempViewController.m */ = {isa = PBXFileReference; fileEncoding = 4; lastKnownFileType = sourcecode.c.objc; path = QXTempViewController.m; sourceTree = "<group>"; };
		B05849031ECAD6D1004F8380 /* QXCustomRefreshHeader.h */ = {isa = PBXFileReference; fileEncoding = 4; lastKnownFileType = sourcecode.c.h; path = QXCustomRefreshHeader.h; sourceTree = "<group>"; };
		B05849041ECAD6D1004F8380 /* QXCustomRefreshHeader.m */ = {isa = PBXFileReference; fileEncoding = 4; lastKnownFileType = sourcecode.c.objc; path = QXCustomRefreshHeader.m; sourceTree = "<group>"; };
		B05849061ECADF55004F8380 /* QXRefreshAutoGifFooter.h */ = {isa = PBXFileReference; fileEncoding = 4; lastKnownFileType = sourcecode.c.h; path = QXRefreshAutoGifFooter.h; sourceTree = "<group>"; };
		B05849071ECADF55004F8380 /* QXRefreshAutoGifFooter.m */ = {isa = PBXFileReference; fileEncoding = 4; lastKnownFileType = sourcecode.c.objc; path = QXRefreshAutoGifFooter.m; sourceTree = "<group>"; };
		B05849091ECAE00D004F8380 /* QXRefreshBackGifFooter.h */ = {isa = PBXFileReference; fileEncoding = 4; lastKnownFileType = sourcecode.c.h; path = QXRefreshBackGifFooter.h; sourceTree = "<group>"; };
		B058490A1ECAE00D004F8380 /* QXRefreshBackGifFooter.m */ = {isa = PBXFileReference; fileEncoding = 4; lastKnownFileType = sourcecode.c.objc; path = QXRefreshBackGifFooter.m; sourceTree = "<group>"; };
		E6F2309282E1B463303DC9BD /* Pods-QXIOS.debug.xcconfig */ = {isa = PBXFileReference; includeInIndex = 1; lastKnownFileType = text.xcconfig; name = "Pods-QXIOS.debug.xcconfig"; path = "Pods/Target Support Files/Pods-QXIOS/Pods-QXIOS.debug.xcconfig"; sourceTree = "<group>"; };
/* End PBXFileReference section */

/* Begin PBXFrameworksBuildPhase section */
		B030F7B61EAA0F2C002677F5 /* Frameworks */ = {
			isa = PBXFrameworksBuildPhase;
			buildActionMask = 2147483647;
			files = (
				B036AF9D1EB1D08F000F177E /* QuartzCore.framework in Frameworks */,
				B036AF9B1EB1D06E000F177E /* CoreGraphics.framework in Frameworks */,
				30894D025D5A407D6BFE5E9F /* Pods_QXIOS.framework in Frameworks */,
			);
			runOnlyForDeploymentPostprocessing = 0;
		};
/* End PBXFrameworksBuildPhase section */

/* Begin PBXGroup section */
		690A1EBC6CA496BED1F5C2DA /* Pods */ = {
			isa = PBXGroup;
			children = (
				E6F2309282E1B463303DC9BD /* Pods-QXIOS.debug.xcconfig */,
				AF0C0B7B8E61C3FC13AD100E /* Pods-QXIOS.release.xcconfig */,
			);
			name = Pods;
			sourceTree = "<group>";
		};
		B012B04B1EB99FFA00844E05 /* bookdemo */ = {
			isa = PBXGroup;
			children = (
				B012B06B1EBACD9000844E05 /* bookdemo.storyboard */,
				B012B04E1EB9A5B200844E05 /* SimpleViewController.h */,
				B012B04F1EB9A5B200844E05 /* SimpleViewController.m */,
				B012B0501EB9A5B200844E05 /* SimpleViewController.xib */,
				B012B0531EB9ADB800844E05 /* SimpleViewController2.h */,
				B012B0541EB9ADB800844E05 /* SimpleViewController2.m */,
				B012B0561EB9B90300844E05 /* SegueViewController.h */,
				B012B0571EB9B90300844E05 /* SegueViewController.m */,
				B012B0761EBB21B400844E05 /* CustomView.h */,
				B012B0771EBB21B400844E05 /* CustomView.m */,
				B012B0791EBC2A7E00844E05 /* CustomViewOne.h */,
				B012B07A1EBC2A7E00844E05 /* CustomViewOne.m */,
				B012B07C1EBC2AA900844E05 /* CustomViewTwo.h */,
				B012B07D1EBC2AA900844E05 /* CustomViewTwo.m */,
			);
			path = bookdemo;
			sourceTree = "<group>";
		};
		B012B07F1EC59C4A00844E05 /* MJRefreshStudy */ = {
			isa = PBXGroup;
			children = (
				B05848F31EC9AEC0004F8380 /* Custom */,
				B05848EF1EC98DFA004F8380 /* Category */,
				B012B0801EC59C8B00844E05 /* QXMJRefreshStudyMainControllerTableViewController.h */,
				B012B0811EC59C8B00844E05 /* QXMJRefreshStudyMainControllerTableViewController.m */,
				B012B0831EC59CAC00844E05 /* MJRefresh.storyboard */,
				B012B0851EC5A03400844E05 /* QXDataModle.h */,
				B012B0861EC5A03400844E05 /* QXDataModle.m */,
				B05848EC1EC98C64004F8380 /* QXShowTableViewController.h */,
				B05848ED1EC98C64004F8380 /* QXShowTableViewController.m */,
			);
			path = MJRefreshStudy;
			sourceTree = "<group>";
		};
		B030F7B01EAA0F2C002677F5 = {
			isa = PBXGroup;
			children = (
				B030F7BB1EAA0F2C002677F5 /* QXIOS */,
				B030F7BA1EAA0F2C002677F5 /* Products */,
				B036AF991EB1D06E000F177E /* Frameworks */,
				690A1EBC6CA496BED1F5C2DA /* Pods */,
			);
			sourceTree = "<group>";
		};
		B030F7BA1EAA0F2C002677F5 /* Products */ = {
			isa = PBXGroup;
			children = (
				B030F7B91EAA0F2C002677F5 /* QXIOS.app */,
			);
			name = Products;
			sourceTree = "<group>";
		};
		B030F7BB1EAA0F2C002677F5 /* QXIOS */ = {
			isa = PBXGroup;
			children = (
				B012B07F1EC59C4A00844E05 /* MJRefreshStudy */,
				B012B04B1EB99FFA00844E05 /* bookdemo */,
				B030F7BF1EAA0F2C002677F5 /* AppDelegate.h */,
				B030F7C01EAA0F2C002677F5 /* AppDelegate.m */,
				B030F7C21EAA0F2C002677F5 /* ViewController.h */,
				B030F7C31EAA0F2C002677F5 /* ViewController.m */,
				B030F7C51EAA0F2C002677F5 /* Main.storyboard */,
				B030F7CB1EAA0F2C002677F5 /* Assets.xcassets */,
				B030F7CD1EAA0F2C002677F5 /* LaunchScreen.storyboard */,
				B030F7D01EAA0F2C002677F5 /* Info.plist */,
				B030F7C81EAA0F2C002677F5 /* QXIOS.xcdatamodeld */,
				B030F7BC1EAA0F2C002677F5 /* Supporting Files */,
				B030F7DA1EAA11C4002677F5 /* QXFileManage.h */,
				B030F7DB1EAA11C4002677F5 /* QXFileManage.m */,
				B036AF901EB07CE5000F177E /* QXWaveControllerViewController.h */,
				B036AF911EB07CE5000F177E /* QXWaveControllerViewController.m */,
				B036AF931EB07D6A000F177E /* QXWaveView.h */,
				B036AF941EB07D6A000F177E /* QXWaveView.m */,
				B036AF961EB09F16000F177E /* UIColor+StringColor.h */,
				B036AF971EB09F16000F177E /* UIColor+StringColor.m */,
				B012B0741EBAF12500844E05 /* qx.bundle */,
			);
			path = QXIOS;
			sourceTree = "<group>";
		};
		B030F7BC1EAA0F2C002677F5 /* Supporting Files */ = {
			isa = PBXGroup;
			children = (
				B030F7BD1EAA0F2C002677F5 /* main.m */,
			);
			name = "Supporting Files";
			sourceTree = "<group>";
		};
		B036AF991EB1D06E000F177E /* Frameworks */ = {
			isa = PBXGroup;
			children = (
				B036AF9C1EB1D08F000F177E /* QuartzCore.framework */,
				B036AF9A1EB1D06E000F177E /* CoreGraphics.framework */,
				115E184374D1CAAE5F3DA810 /* Pods_QXIOS.framework */,
			);
			name = Frameworks;
			sourceTree = "<group>";
		};
		B05848EF1EC98DFA004F8380 /* Category */ = {
			isa = PBXGroup;
			children = (
				B05848F01EC98E41004F8380 /* UIViewController+OptionsMethod.h */,
				B05848F11EC98E41004F8380 /* UIViewController+OptionsMethod.m */,
			);
			path = Category;
			sourceTree = "<group>";
		};
		B05848F31EC9AEC0004F8380 /* Custom */ = {
			isa = PBXGroup;
			children = (
				B05848F71ECAA42F004F8380 /* QXRefreshStateHeader.h */,
				B05848F81ECAA42F004F8380 /* QXRefreshStateHeader.m */,
				B05848FA1ECAA5F6004F8380 /* QXRefreshGifHeader.h */,
				B05848FB1ECAA5F6004F8380 /* QXRefreshGifHeader.m */,
				B05848FD1ECAACEA004F8380 /* QXWindow.h */,
				B05848FE1ECAACEA004F8380 /* QXWindow.m */,
				B05849001ECAADFE004F8380 /* QXTempViewController.h */,
				B05849011ECAADFE004F8380 /* QXTempViewController.m */,
				B05849031ECAD6D1004F8380 /* QXCustomRefreshHeader.h */,
				B05849041ECAD6D1004F8380 /* QXCustomRefreshHeader.m */,
				B05849061ECADF55004F8380 /* QXRefreshAutoGifFooter.h */,
				B05849071ECADF55004F8380 /* QXRefreshAutoGifFooter.m */,
				B05849091ECAE00D004F8380 /* QXRefreshBackGifFooter.h */,
				B058490A1ECAE00D004F8380 /* QXRefreshBackGifFooter.m */,
			);
			path = Custom;
			sourceTree = "<group>";
		};
/* End PBXGroup section */

/* Begin PBXNativeTarget section */
		B030F7B81EAA0F2C002677F5 /* QXIOS */ = {
			isa = PBXNativeTarget;
			buildConfigurationList = B030F7D31EAA0F2C002677F5 /* Build configuration list for PBXNativeTarget "QXIOS" */;
			buildPhases = (
				C1A217ACF7EAE61191C98ECA /* [CP] Check Pods Manifest.lock */,
				B030F7B51EAA0F2C002677F5 /* Sources */,
				B030F7B61EAA0F2C002677F5 /* Frameworks */,
				B030F7B71EAA0F2C002677F5 /* Resources */,
				140E35259C2A68CB6983DB53 /* [CP] Embed Pods Frameworks */,
				B0B828D15430427CECAAAAED /* [CP] Copy Pods Resources */,
			);
			buildRules = (
			);
			dependencies = (
			);
			name = QXIOS;
			productName = QXIOS;
			productReference = B030F7B91EAA0F2C002677F5 /* QXIOS.app */;
			productType = "com.apple.product-type.application";
		};
/* End PBXNativeTarget section */

/* Begin PBXProject section */
		B030F7B11EAA0F2C002677F5 /* Project object */ = {
			isa = PBXProject;
			attributes = {
				LastUpgradeCheck = 0830;
				ORGANIZATIONNAME = com.wrqx;
				TargetAttributes = {
					B030F7B81EAA0F2C002677F5 = {
						CreatedOnToolsVersion = 8.3.2;
						ProvisioningStyle = Automatic;
					};
				};
			};
			buildConfigurationList = B030F7B41EAA0F2C002677F5 /* Build configuration list for PBXProject "QXIOS" */;
			compatibilityVersion = "Xcode 3.2";
			developmentRegion = English;
			hasScannedForEncodings = 0;
			knownRegions = (
				en,
				Base,
				"zh-Hans",
				de,
			);
			mainGroup = B030F7B01EAA0F2C002677F5;
			productRefGroup = B030F7BA1EAA0F2C002677F5 /* Products */;
			projectDirPath = "";
			projectRoot = "";
			targets = (
				B030F7B81EAA0F2C002677F5 /* QXIOS */,
			);
		};
/* End PBXProject section */

/* Begin PBXResourcesBuildPhase section */
		B030F7B71EAA0F2C002677F5 /* Resources */ = {
			isa = PBXResourcesBuildPhase;
			buildActionMask = 2147483647;
			files = (
				B012B0841EC59CAC00844E05 /* MJRefresh.storyboard in Resources */,
				B030F7CF1EAA0F2C002677F5 /* LaunchScreen.storyboard in Resources */,
				B030F7CC1EAA0F2C002677F5 /* Assets.xcassets in Resources */,
				B012B0751EBAF12500844E05 /* qx.bundle in Resources */,
				B012B0521EB9A5B200844E05 /* SimpleViewController.xib in Resources */,
				B012B0691EBACD9000844E05 /* bookdemo.storyboard in Resources */,
				B030F7C71EAA0F2C002677F5 /* Main.storyboard in Resources */,
			);
			runOnlyForDeploymentPostprocessing = 0;
		};
/* End PBXResourcesBuildPhase section */

/* Begin PBXShellScriptBuildPhase section */
		140E35259C2A68CB6983DB53 /* [CP] Embed Pods Frameworks */ = {
			isa = PBXShellScriptBuildPhase;
			buildActionMask = 2147483647;
			files = (
			);
			inputPaths = (
			);
			name = "[CP] Embed Pods Frameworks";
			outputPaths = (
			);
			runOnlyForDeploymentPostprocessing = 0;
			shellPath = /bin/sh;
			shellScript = "\"${SRCROOT}/Pods/Target Support Files/Pods-QXIOS/Pods-QXIOS-frameworks.sh\"\n";
			showEnvVarsInLog = 0;
		};
		B0B828D15430427CECAAAAED /* [CP] Copy Pods Resources */ = {
			isa = PBXShellScriptBuildPhase;
			buildActionMask = 2147483647;
			files = (
			);
			inputPaths = (
			);
			name = "[CP] Copy Pods Resources";
			outputPaths = (
			);
			runOnlyForDeploymentPostprocessing = 0;
			shellPath = /bin/sh;
			shellScript = "\"${SRCROOT}/Pods/Target Support Files/Pods-QXIOS/Pods-QXIOS-resources.sh\"\n";
			showEnvVarsInLog = 0;
		};
		C1A217ACF7EAE61191C98ECA /* [CP] Check Pods Manifest.lock */ = {
			isa = PBXShellScriptBuildPhase;
			buildActionMask = 2147483647;
			files = (
			);
			inputPaths = (
			);
			name = "[CP] Check Pods Manifest.lock";
			outputPaths = (
			);
			runOnlyForDeploymentPostprocessing = 0;
			shellPath = /bin/sh;
			shellScript = "diff \"${PODS_ROOT}/../Podfile.lock\" \"${PODS_ROOT}/Manifest.lock\" > /dev/null\nif [ $? != 0 ] ; then\n    # print error to STDERR\n    echo \"error: The sandbox is not in sync with the Podfile.lock. Run 'pod install' or update your CocoaPods installation.\" >&2\n    exit 1\nfi\n";
			showEnvVarsInLog = 0;
		};
/* End PBXShellScriptBuildPhase section */

/* Begin PBXSourcesBuildPhase section */
		B030F7B51EAA0F2C002677F5 /* Sources */ = {
			isa = PBXSourcesBuildPhase;
			buildActionMask = 2147483647;
			files = (
				B012B07E1EBC2AA900844E05 /* CustomViewTwo.m in Sources */,
				B012B0821EC59C8B00844E05 /* QXMJRefreshStudyMainControllerTableViewController.m in Sources */,
				B058490B1ECAE00D004F8380 /* QXRefreshBackGifFooter.m in Sources */,
				B036AF951EB07D6A000F177E /* QXWaveView.m in Sources */,
				B012B0551EB9ADB800844E05 /* SimpleViewController2.m in Sources */,
				B012B07B1EBC2A7E00844E05 /* CustomViewOne.m in Sources */,
				B012B0511EB9A5B200844E05 /* SimpleViewController.m in Sources */,
				B05848F21EC98E41004F8380 /* UIViewController+OptionsMethod.m in Sources */,
				B030F7C41EAA0F2C002677F5 /* ViewController.m in Sources */,
				B012B0581EB9B90300844E05 /* SegueViewController.m in Sources */,
				B05849081ECADF55004F8380 /* QXRefreshAutoGifFooter.m in Sources */,
				B012B0781EBB21B400844E05 /* CustomView.m in Sources */,
				B030F7C11EAA0F2C002677F5 /* AppDelegate.m in Sources */,
				B05848F91ECAA42F004F8380 /* QXRefreshStateHeader.m in Sources */,
				B05848FF1ECAACEA004F8380 /* QXWindow.m in Sources */,
				B030F7CA1EAA0F2C002677F5 /* QXIOS.xcdatamodeld in Sources */,
				B05848FC1ECAA5F6004F8380 /* QXRefreshGifHeader.m in Sources */,
				B030F7DC1EAA11C4002677F5 /* QXFileManage.m in Sources */,
				B012B0871EC5A03400844E05 /* QXDataModle.m in Sources */,
				B05849051ECAD6D1004F8380 /* QXCustomRefreshHeader.m in Sources */,
				B036AF921EB07CE5000F177E /* QXWaveControllerViewController.m in Sources */,
				B036AF981EB09F16000F177E /* UIColor+StringColor.m in Sources */,
				B030F7BE1EAA0F2C002677F5 /* main.m in Sources */,
				B05848EE1EC98C64004F8380 /* QXShowTableViewController.m in Sources */,
				B05849021ECAADFE004F8380 /* QXTempViewController.m in Sources */,
			);
			runOnlyForDeploymentPostprocessing = 0;
		};
/* End PBXSourcesBuildPhase section */

/* Begin PBXVariantGroup section */
		B012B06B1EBACD9000844E05 /* bookdemo.storyboard */ = {
			isa = PBXVariantGroup;
			children = (
				B012B06A1EBACD9000844E05 /* Base */,
				B012B06D1EBACD9600844E05 /* en */,
				B012B06F1EBACD9700844E05 /* zh-Hans */,
				B012B0711EBACD9800844E05 /* de */,
			);
			name = bookdemo.storyboard;
			sourceTree = "<group>";
		};
		B030F7C51EAA0F2C002677F5 /* Main.storyboard */ = {
			isa = PBXVariantGroup;
			children = (
				B030F7C61EAA0F2C002677F5 /* Base */,
				B012B0591EBABFB500844E05 /* zh-Hans */,
				B012B05B1EBAC0BD00844E05 /* de */,
				B012B0601EBAC8FB00844E05 /* en */,
			);
			name = Main.storyboard;
			sourceTree = "<group>";
		};
		B030F7CD1EAA0F2C002677F5 /* LaunchScreen.storyboard */ = {
			isa = PBXVariantGroup;
			children = (
				B030F7CE1EAA0F2C002677F5 /* Base */,
				B012B05A1EBABFB500844E05 /* zh-Hans */,
				B012B05C1EBAC0BD00844E05 /* de */,
				B012B05E1EBAC16400844E05 /* en */,
			);
			name = LaunchScreen.storyboard;
			sourceTree = "<group>";
		};
/* End PBXVariantGroup section */

/* Begin XCBuildConfiguration section */
		B030F7D11EAA0F2C002677F5 /* Debug */ = {
			isa = XCBuildConfiguration;
			buildSettings = {
				ALWAYS_SEARCH_USER_PATHS = NO;
				CLANG_ANALYZER_LOCALIZABILITY_NONLOCALIZED = YES;
				CLANG_ANALYZER_NONNULL = YES;
				CLANG_ANALYZER_NUMBER_OBJECT_CONVERSION = YES_AGGRESSIVE;
				CLANG_CXX_LANGUAGE_STANDARD = "gnu++0x";
				CLANG_CXX_LIBRARY = "libc++";
				CLANG_ENABLE_MODULES = YES;
				CLANG_ENABLE_OBJC_ARC = YES;
				CLANG_WARN_BOOL_CONVERSION = YES;
				CLANG_WARN_CONSTANT_CONVERSION = YES;
				CLANG_WARN_DIRECT_OBJC_ISA_USAGE = YES_ERROR;
				CLANG_WARN_DOCUMENTATION_COMMENTS = YES;
				CLANG_WARN_EMPTY_BODY = YES;
				CLANG_WARN_ENUM_CONVERSION = YES;
				CLANG_WARN_INFINITE_RECURSION = YES;
				CLANG_WARN_INT_CONVERSION = YES;
				CLANG_WARN_OBJC_ROOT_CLASS = YES_ERROR;
				CLANG_WARN_SUSPICIOUS_MOVE = YES;
				CLANG_WARN_UNREACHABLE_CODE = YES;
				CLANG_WARN__DUPLICATE_METHOD_MATCH = YES;
				"CODE_SIGN_IDENTITY[sdk=iphoneos*]" = "iPhone Developer";
				COPY_PHASE_STRIP = NO;
				DEBUG_INFORMATION_FORMAT = dwarf;
				ENABLE_STRICT_OBJC_MSGSEND = YES;
				ENABLE_TESTABILITY = YES;
				GCC_C_LANGUAGE_STANDARD = gnu99;
				GCC_DYNAMIC_NO_PIC = NO;
				GCC_NO_COMMON_BLOCKS = YES;
				GCC_OPTIMIZATION_LEVEL = 0;
				GCC_PREPROCESSOR_DEFINITIONS = (
					"DEBUG=1",
					"$(inherited)",
				);
				GCC_WARN_64_TO_32_BIT_CONVERSION = YES;
				GCC_WARN_ABOUT_RETURN_TYPE = YES_ERROR;
				GCC_WARN_UNDECLARED_SELECTOR = YES;
				GCC_WARN_UNINITIALIZED_AUTOS = YES_AGGRESSIVE;
				GCC_WARN_UNUSED_FUNCTION = YES;
				GCC_WARN_UNUSED_VARIABLE = YES;
				IPHONEOS_DEPLOYMENT_TARGET = 10.3;
				MTL_ENABLE_DEBUG_INFO = YES;
				ONLY_ACTIVE_ARCH = YES;
				SDKROOT = iphoneos;
			};
			name = Debug;
		};
		B030F7D21EAA0F2C002677F5 /* Release */ = {
			isa = XCBuildConfiguration;
			buildSettings = {
				ALWAYS_SEARCH_USER_PATHS = NO;
				CLANG_ANALYZER_LOCALIZABILITY_NONLOCALIZED = YES;
				CLANG_ANALYZER_NONNULL = YES;
				CLANG_ANALYZER_NUMBER_OBJECT_CONVERSION = YES_AGGRESSIVE;
				CLANG_CXX_LANGUAGE_STANDARD = "gnu++0x";
				CLANG_CXX_LIBRARY = "libc++";
				CLANG_ENABLE_MODULES = YES;
				CLANG_ENABLE_OBJC_ARC = YES;
				CLANG_WARN_BOOL_CONVERSION = YES;
				CLANG_WARN_CONSTANT_CONVERSION = YES;
				CLANG_WARN_DIRECT_OBJC_ISA_USAGE = YES_ERROR;
				CLANG_WARN_DOCUMENTATION_COMMENTS = YES;
				CLANG_WARN_EMPTY_BODY = YES;
				CLANG_WARN_ENUM_CONVERSION = YES;
				CLANG_WARN_INFINITE_RECURSION = YES;
				CLANG_WARN_INT_CONVERSION = YES;
				CLANG_WARN_OBJC_ROOT_CLASS = YES_ERROR;
				CLANG_WARN_SUSPICIOUS_MOVE = YES;
				CLANG_WARN_UNREACHABLE_CODE = YES;
				CLANG_WARN__DUPLICATE_METHOD_MATCH = YES;
				"CODE_SIGN_IDENTITY[sdk=iphoneos*]" = "iPhone Developer";
				COPY_PHASE_STRIP = NO;
				DEBUG_INFORMATION_FORMAT = "dwarf-with-dsym";
				ENABLE_NS_ASSERTIONS = NO;
				ENABLE_STRICT_OBJC_MSGSEND = YES;
				GCC_C_LANGUAGE_STANDARD = gnu99;
				GCC_NO_COMMON_BLOCKS = YES;
				GCC_WARN_64_TO_32_BIT_CONVERSION = YES;
				GCC_WARN_ABOUT_RETURN_TYPE = YES_ERROR;
				GCC_WARN_UNDECLARED_SELECTOR = YES;
				GCC_WARN_UNINITIALIZED_AUTOS = YES_AGGRESSIVE;
				GCC_WARN_UNUSED_FUNCTION = YES;
				GCC_WARN_UNUSED_VARIABLE = YES;
				IPHONEOS_DEPLOYMENT_TARGET = 10.3;
				MTL_ENABLE_DEBUG_INFO = NO;
				SDKROOT = iphoneos;
				VALIDATE_PRODUCT = YES;
			};
			name = Release;
		};
		B030F7D41EAA0F2C002677F5 /* Debug */ = {
			isa = XCBuildConfiguration;
			baseConfigurationReference = E6F2309282E1B463303DC9BD /* Pods-QXIOS.debug.xcconfig */;
			buildSettings = {
				ASSETCATALOG_COMPILER_APPICON_NAME = AppIcon;
				INFOPLIST_FILE = QXIOS/Info.plist;
				LD_RUNPATH_SEARCH_PATHS = "$(inherited) @executable_path/Frameworks";
				PRODUCT_BUNDLE_IDENTIFIER = ran.QXIOS;
				PRODUCT_NAME = "$(TARGET_NAME)";
			};
			name = Debug;
		};
		B030F7D51EAA0F2C002677F5 /* Release */ = {
			isa = XCBuildConfiguration;
			baseConfigurationReference = AF0C0B7B8E61C3FC13AD100E /* Pods-QXIOS.release.xcconfig */;
			buildSettings = {
				ASSETCATALOG_COMPILER_APPICON_NAME = AppIcon;
				INFOPLIST_FILE = QXIOS/Info.plist;
				LD_RUNPATH_SEARCH_PATHS = "$(inherited) @executable_path/Frameworks";
				PRODUCT_BUNDLE_IDENTIFIER = ran.QXIOS;
				PRODUCT_NAME = "$(TARGET_NAME)";
			};
			name = Release;
		};
/* End XCBuildConfiguration section */

/* Begin XCConfigurationList section */
		B030F7B41EAA0F2C002677F5 /* Build configuration list for PBXProject "QXIOS" */ = {
			isa = XCConfigurationList;
			buildConfigurations = (
				B030F7D11EAA0F2C002677F5 /* Debug */,
				B030F7D21EAA0F2C002677F5 /* Release */,
			);
			defaultConfigurationIsVisible = 0;
			defaultConfigurationName = Release;
		};
		B030F7D31EAA0F2C002677F5 /* Build configuration list for PBXNativeTarget "QXIOS" */ = {
			isa = XCConfigurationList;
			buildConfigurations = (
				B030F7D41EAA0F2C002677F5 /* Debug */,
				B030F7D51EAA0F2C002677F5 /* Release */,
			);
			defaultConfigurationIsVisible = 0;
			defaultConfigurationName = Release;
		};
/* End XCConfigurationList section */

/* Begin XCVersionGroup section */
		B030F7C81EAA0F2C002677F5 /* QXIOS.xcdatamodeld */ = {
			isa = XCVersionGroup;
			children = (
				B030F7C91EAA0F2C002677F5 /* QXIOS.xcdatamodel */,
			);
			currentVersion = B030F7C91EAA0F2C002677F5 /* QXIOS.xcdatamodel */;
			path = QXIOS.xcdatamodeld;
			sourceTree = "<group>";
			versionGroupType = wrapper.xcdatamodel;
		};
/* End XCVersionGroup section */
	};
	rootObject = B030F7B11EAA0F2C002677F5 /* Project object */;
}
